
Microsoft Visual Studio Solution File, Format Version 12.00
# Visual Studio Version 17
VisualStudioVersion = 17.0.31903.59
MinimumVisualStudioVersion = 10.0.40219.1
Project("{2150E333-8FDC-42A3-9474-1A3956D46DE8}") = "src", "src", "{5C4F8093-A296-4F76-9C64-4BEADB63000F}"
EndProject
Project("{FAE04EC0-301F-11D3-BF4B-00C04F79EFBC}") = "Application.Core.Mediator", "src\Application.Core.Mediator\Application.Core.Mediator.csproj", "{7D9B38B4-9596-471B-B11E-084E3C214DF2}"
EndProject
Project("{2150E333-8FDC-42A3-9474-1A3956D46DE8}") = "tests", "tests", "{527C0946-37AF-4E04-9FED-774773491B4E}"
EndProject
Project("{FAE04EC0-301F-11D3-BF4B-00C04F79EFBC}") = "Application.Core.Mediator.UnitTests", "tests\Application.Core.Mediator.UnitTests\Application.Core.Mediator.UnitTests.csproj", "{2340255F-3AAD-4C89-9EE2-9E665F81B7DD}"
EndProject
Project("{2150E333-8FDC-42A3-9474-1A3956D46DE8}") = "tools", "tools", "{87949E44-BC5B-4E28-B66A-C624CCFB56AD}"
EndProject
Project("{FAE04EC0-301F-11D3-BF4B-00C04F79EFBC}") = "Application.Core.Playground", "tools\Application.Core.Playground\Application.Core.Playground.csproj", "{0F9347E4-D26E-4989-ADC5-C3AC803196C7}"
EndProject
Project("{2150E333-8FDC-42A3-9474-1A3956D46DE8}") = "samples", "samples", "{AA585280-09F1-4A1B-B032-AF6A475BEB42}"
EndProject
Project("{FAE04EC0-301F-11D3-BF4B-00C04F79EFBC}") = "Application.Core.Mediator.Sample", "samples\Application.Core.Mediator.Sample\Application.Core.Mediator.Sample.csproj", "{5ED89412-34BF-4B4A-B01F-EE07685B5D36}"
EndProject
Project("{FAE04EC0-301F-11D3-BF4B-00C04F79EFBC}") = "Application.Core.Result", "src\Application.Core.Result\Application.Core.Result.csproj", "{378C3F7C-BFD2-402D-9D68-CF7BC6DF58BA}"
EndProject
Project("{FAE04EC0-301F-11D3-BF4B-00C04F79EFBC}") = "Application.Core.Result.UnitTests", "tests\Application.Core.Result.UnitTests\Application.Core.Result.UnitTests.csproj", "{BDF17185-421D-41D0-9071-97677BC7F261}"
EndProject
Project("{FAE04EC0-301F-11D3-BF4B-00C04F79EFBC}") = "Application.Core.Mediator.IntegrationTests", "tests\Application.Core.Mediator.IntegrationTests\Application.Core.Mediator.IntegrationTests.csproj", "{73F78B61-01B1-48DE-8412-6FD31426ED36}"
EndProject
Global
	GlobalSection(SolutionConfigurationPlatforms) = preSolution
		Debug|Any CPU = Debug|Any CPU
		Release|Any CPU = Release|Any CPU
	EndGlobalSection
	GlobalSection(SolutionProperties) = preSolution
		HideSolutionNode = FALSE
	EndGlobalSection
	GlobalSection(ProjectConfigurationPlatforms) = postSolution
		{7D9B38B4-9596-471B-B11E-084E3C214DF2}.Debug|Any CPU.ActiveCfg = Debug|Any CPU
		{7D9B38B4-9596-471B-B11E-084E3C214DF2}.Debug|Any CPU.Build.0 = Debug|Any CPU
		{7D9B38B4-9596-471B-B11E-084E3C214DF2}.Release|Any CPU.ActiveCfg = Release|Any CPU
		{7D9B38B4-9596-471B-B11E-084E3C214DF2}.Release|Any CPU.Build.0 = Release|Any CPU
		{2340255F-3AAD-4C89-9EE2-9E665F81B7DD}.Debug|Any CPU.ActiveCfg = Debug|Any CPU
		{2340255F-3AAD-4C89-9EE2-9E665F81B7DD}.Debug|Any CPU.Build.0 = Debug|Any CPU
		{2340255F-3AAD-4C89-9EE2-9E665F81B7DD}.Release|Any CPU.ActiveCfg = Release|Any CPU
		{2340255F-3AAD-4C89-9EE2-9E665F81B7DD}.Release|Any CPU.Build.0 = Release|Any CPU
		{0F9347E4-D26E-4989-ADC5-C3AC803196C7}.Debug|Any CPU.ActiveCfg = Debug|Any CPU
		{0F9347E4-D26E-4989-ADC5-C3AC803196C7}.Debug|Any CPU.Build.0 = Debug|Any CPU
		{0F9347E4-D26E-4989-ADC5-C3AC803196C7}.Release|Any CPU.ActiveCfg = Release|Any CPU
		{0F9347E4-D26E-4989-ADC5-C3AC803196C7}.Release|Any CPU.Build.0 = Release|Any CPU
		{5ED89412-34BF-4B4A-B01F-EE07685B5D36}.Debug|Any CPU.ActiveCfg = Debug|Any CPU
		{5ED89412-34BF-4B4A-B01F-EE07685B5D36}.Debug|Any CPU.Build.0 = Debug|Any CPU
		{5ED89412-34BF-4B4A-B01F-EE07685B5D36}.Release|Any CPU.ActiveCfg = Release|Any CPU
		{5ED89412-34BF-4B4A-B01F-EE07685B5D36}.Release|Any CPU.Build.0 = Release|Any CPU
		{378C3F7C-BFD2-402D-9D68-CF7BC6DF58BA}.Debug|Any CPU.ActiveCfg = Debug|Any CPU
		{378C3F7C-BFD2-402D-9D68-CF7BC6DF58BA}.Debug|Any CPU.Build.0 = Debug|Any CPU
		{378C3F7C-BFD2-402D-9D68-CF7BC6DF58BA}.Release|Any CPU.ActiveCfg = Release|Any CPU
		{378C3F7C-BFD2-402D-9D68-CF7BC6DF58BA}.Release|Any CPU.Build.0 = Release|Any CPU
		{BDF17185-421D-41D0-9071-97677BC7F261}.Debug|Any CPU.ActiveCfg = Debug|Any CPU
		{BDF17185-421D-41D0-9071-97677BC7F261}.Debug|Any CPU.Build.0 = Debug|Any CPU
		{BDF17185-421D-41D0-9071-97677BC7F261}.Release|Any CPU.ActiveCfg = Release|Any CPU
		{BDF17185-421D-41D0-9071-97677BC7F261}.Release|Any CPU.Build.0 = Release|Any CPU
		{73F78B61-01B1-48DE-8412-6FD31426ED36}.Debug|Any CPU.ActiveCfg = Debug|Any CPU
		{73F78B61-01B1-48DE-8412-6FD31426ED36}.Debug|Any CPU.Build.0 = Debug|Any CPU
		{73F78B61-01B1-48DE-8412-6FD31426ED36}.Release|Any CPU.ActiveCfg = Release|Any CPU
		{73F78B61-01B1-48DE-8412-6FD31426ED36}.Release|Any CPU.Build.0 = Release|Any CPU
	EndGlobalSection
	GlobalSection(NestedProjects) = preSolution
		{7D9B38B4-9596-471B-B11E-084E3C214DF2} = {5C4F8093-A296-4F76-9C64-4BEADB63000F}
		{2340255F-3AAD-4C89-9EE2-9E665F81B7DD} = {527C0946-37AF-4E04-9FED-774773491B4E}
		{0F9347E4-D26E-4989-ADC5-C3AC803196C7} = {87949E44-BC5B-4E28-B66A-C624CCFB56AD}
		{5ED89412-34BF-4B4A-B01F-EE07685B5D36} = {AA585280-09F1-4A1B-B032-AF6A475BEB42}
		{378C3F7C-BFD2-402D-9D68-CF7BC6DF58BA} = {5C4F8093-A296-4F76-9C64-4BEADB63000F}
		{BDF17185-421D-41D0-9071-97677BC7F261} = {527C0946-37AF-4E04-9FED-774773491B4E}
		{73F78B61-01B1-48DE-8412-6FD31426ED36} = {527C0946-37AF-4E04-9FED-774773491B4E}
	EndGlobalSection
EndGlobal
